
Microsoft Visual Studio Solution File, Format Version 12.00
# Visual Studio Version 17
VisualStudioVersion = 17.0.31903.59
MinimumVisualStudioVersion = 10.0.40219.1
Project("{FAE04EC0-301F-11D3-BF4B-00C04F79EFBC}") = "API", "API\API.csproj", "{417B9002-8028-4490-9897-77C2E0BDB188}"
EndProject
Project("{FAE04EC0-301F-11D3-BF4B-00C04F79EFBC}") = "Core", "Core\Core.csproj", "{E62E9F9A-7E0B-46B3-8F70-677DAC2DB816}"
EndProject
Project("{FAE04EC0-301F-11D3-BF4B-00C04F79EFBC}") = "Infrastructure", "Infrastructure\Infrastructure.csproj", "{D8F70DE2-C43D-4C6F-AE69-C01BF186E10C}"
EndProject
Global
	GlobalSection(SolutionConfigurationPlatforms) = preSolution
		Debug|Any CPU = Debug|Any CPU
		Release|Any CPU = Release|Any CPU
	EndGlobalSection
	GlobalSection(SolutionProperties) = preSolution
		HideSolutionNode = FALSE
	EndGlobalSection
	GlobalSection(ProjectConfigurationPlatforms) = postSolution
		{417B9002-8028-4490-9897-77C2E0BDB188}.Debug|Any CPU.ActiveCfg = Debug|Any CPU
		{417B9002-8028-4490-9897-77C2E0BDB188}.Debug|Any CPU.Build.0 = Debug|Any CPU
		{417B9002-8028-4490-9897-77C2E0BDB188}.Release|Any CPU.ActiveCfg = Release|Any CPU
		{417B9002-8028-4490-9897-77C2E0BDB188}.Release|Any CPU.Build.0 = Release|Any CPU
		{E62E9F9A-7E0B-46B3-8F70-677DAC2DB816}.Debug|Any CPU.ActiveCfg = Debug|Any CPU
		{E62E9F9A-7E0B-46B3-8F70-677DAC2DB816}.Debug|Any CPU.Build.0 = Debug|Any CPU
		{E62E9F9A-7E0B-46B3-8F70-677DAC2DB816}.Release|Any CPU.ActiveCfg = Release|Any CPU
		{E62E9F9A-7E0B-46B3-8F70-677DAC2DB816}.Release|Any CPU.Build.0 = Release|Any CPU
		{D8F70DE2-C43D-4C6F-AE69-C01BF186E10C}.Debug|Any CPU.ActiveCfg = Debug|Any CPU
		{D8F70DE2-C43D-4C6F-AE69-C01BF186E10C}.Debug|Any CPU.Build.0 = Debug|Any CPU
		{D8F70DE2-C43D-4C6F-AE69-C01BF186E10C}.Release|Any CPU.ActiveCfg = Release|Any CPU
		{D8F70DE2-C43D-4C6F-AE69-C01BF186E10C}.Release|Any CPU.Build.0 = Release|Any CPU
	EndGlobalSection
EndGlobal
